// !$*UTF8*$!
{
	archiveVersion = 1;
	classes = {
	};
	objectVersion = 46;
	objects = {

/* Begin PBXBuildFile section */
		592AC388170FA1F200826A5C /* Uppercase.cpp in Sources */ = {isa = PBXBuildFile; fileRef = 592AC386170FA1F200826A5C /* Uppercase.cpp */; };
		5942E5F6170A5C8300FFD39E /* States.cpp in Sources */ = {isa = PBXBuildFile; fileRef = 5942E5F4170A5C8300FFD39E /* States.cpp */; };
		59646F7A170114B800572C65 /* main.cpp in Sources */ = {isa = PBXBuildFile; fileRef = 59646F79170114B800572C65 /* main.cpp */; };
		59646F7C170114B800572C65 /* tm.1 in CopyFiles */ = {isa = PBXBuildFile; fileRef = 59646F7B170114B800572C65 /* tm.1 */; };
		59646F841701150200572C65 /* Transition_Function.cpp in Sources */ = {isa = PBXBuildFile; fileRef = 59646F821701150200572C65 /* Transition_Function.cpp */; };
		59646F87170115FE00572C65 /* Transition.cpp in Sources */ = {isa = PBXBuildFile; fileRef = 59646F85170115FE00572C65 /* Transition.cpp */; };
		59646F8D17011B7A00572C65 /* Turing_Machine.cpp in Sources */ = {isa = PBXBuildFile; fileRef = 59646F8B17011B7A00572C65 /* Turing_Machine.cpp */; };
		59646F9017011CAF00572C65 /* Tape.cpp in Sources */ = {isa = PBXBuildFile; fileRef = 59646F8E17011CAF00572C65 /* Tape.cpp */; };
		59646F9317011CF700572C65 /* Input_Alphabet.cpp in Sources */ = {isa = PBXBuildFile; fileRef = 59646F9117011CF700572C65 /* Input_Alphabet.cpp */; };
		59646F9617011D4D00572C65 /* Tape_Alphabet.cpp in Sources */ = {isa = PBXBuildFile; fileRef = 59646F9417011D4C00572C65 /* Tape_Alphabet.cpp */; };
		59646F9C17011D9800572C65 /* Final_States.cpp in Sources */ = {isa = PBXBuildFile; fileRef = 59646F9A17011D9800572C65 /* Final_States.cpp */; };
		59E534661717A3C100FEAA0E /* Menu.cpp in Sources */ = {isa = PBXBuildFile; fileRef = 59E534641717A3C000FEAA0E /* Menu.cpp */; };
/* End PBXBuildFile section */

/* Begin PBXCopyFilesBuildPhase section */
		59646F74170114B800572C65 /* CopyFiles */ = {
			isa = PBXCopyFilesBuildPhase;
			buildActionMask = 2147483647;
			dstPath = /usr/share/man/man1/;
			dstSubfolderSpec = 0;
			files = (
				59646F7C170114B800572C65 /* tm.1 in CopyFiles */,
			);
			runOnlyForDeploymentPostprocessing = 1;
		};
/* End PBXCopyFilesBuildPhase section */

/* Begin PBXFileReference section */
		592AC386170FA1F200826A5C /* Uppercase.cpp */ = {isa = PBXFileReference; fileEncoding = 4; lastKnownFileType = sourcecode.cpp.cpp; path = Uppercase.cpp; sourceTree = "<group>"; };
		592AC387170FA1F200826A5C /* Uppercase.h */ = {isa = PBXFileReference; fileEncoding = 4; lastKnownFileType = sourcecode.c.h; path = Uppercase.h; sourceTree = "<group>"; };
		5942E5F2170A5B6A00FFD39E /* String_Pointer.h */ = {isa = PBXFileReference; fileEncoding = 4; lastKnownFileType = sourcecode.c.h; path = String_Pointer.h; sourceTree = "<group>"; };
		5942E5F4170A5C8300FFD39E /* States.cpp */ = {isa = PBXFileReference; fileEncoding = 4; lastKnownFileType = sourcecode.cpp.cpp; path = States.cpp; sourceTree = "<group>"; };
		5942E5F5170A5C8300FFD39E /* States.h */ = {isa = PBXFileReference; fileEncoding = 4; lastKnownFileType = sourcecode.c.h; path = States.h; sourceTree = "<group>"; };
		59646F76170114B800572C65 /* tm */ = {isa = PBXFileReference; explicitFileType = "compiled.mach-o.executable"; includeInIndex = 0; path = tm; sourceTree = BUILT_PRODUCTS_DIR; };
		59646F79170114B800572C65 /* main.cpp */ = {isa = PBXFileReference; lastKnownFileType = sourcecode.cpp.cpp; path = main.cpp; sourceTree = "<group>"; };
		59646F7B170114B800572C65 /* tm.1 */ = {isa = PBXFileReference; lastKnownFileType = text.man; path = tm.1; sourceTree = "<group>"; };
		59646F821701150200572C65 /* Transition_Function.cpp */ = {isa = PBXFileReference; fileEncoding = 4; lastKnownFileType = sourcecode.cpp.cpp; path = Transition_Function.cpp; sourceTree = "<group>"; };
		59646F831701150200572C65 /* Transition_Function.h */ = {isa = PBXFileReference; fileEncoding = 4; lastKnownFileType = sourcecode.c.h; path = Transition_Function.h; sourceTree = "<group>"; };
		59646F85170115FE00572C65 /* Transition.cpp */ = {isa = PBXFileReference; fileEncoding = 4; lastKnownFileType = sourcecode.cpp.cpp; path = Transition.cpp; sourceTree = "<group>"; };
		59646F86170115FE00572C65 /* Transition.h */ = {isa = PBXFileReference; fileEncoding = 4; lastKnownFileType = sourcecode.c.h; path = Transition.h; sourceTree = "<group>"; };
		59646F8B17011B7A00572C65 /* Turing_Machine.cpp */ = {isa = PBXFileReference; fileEncoding = 4; lastKnownFileType = sourcecode.cpp.cpp; path = Turing_Machine.cpp; sourceTree = "<group>"; };
		59646F8C17011B7A00572C65 /* Turing_Machine.h */ = {isa = PBXFileReference; fileEncoding = 4; lastKnownFileType = sourcecode.c.h; path = Turing_Machine.h; sourceTree = "<group>"; };
		59646F8E17011CAF00572C65 /* Tape.cpp */ = {isa = PBXFileReference; fileEncoding = 4; lastKnownFileType = sourcecode.cpp.cpp; path = Tape.cpp; sourceTree = "<group>"; };
		59646F8F17011CAF00572C65 /* Tape.h */ = {isa = PBXFileReference; fileEncoding = 4; lastKnownFileType = sourcecode.c.h; path = Tape.h; sourceTree = "<group>"; };
		59646F9117011CF700572C65 /* Input_Alphabet.cpp */ = {isa = PBXFileReference; fileEncoding = 4; lastKnownFileType = sourcecode.cpp.cpp; lineEnding = 0; path = Input_Alphabet.cpp; sourceTree = "<group>"; xcLanguageSpecificationIdentifier = xcode.lang.cpp; };
		59646F9217011CF700572C65 /* Input_Alphabet.h */ = {isa = PBXFileReference; fileEncoding = 4; lastKnownFileType = sourcecode.c.h; lineEnding = 0; path = Input_Alphabet.h; sourceTree = "<group>"; xcLanguageSpecificationIdentifier = xcode.lang.objcpp; };
		59646F9417011D4C00572C65 /* Tape_Alphabet.cpp */ = {isa = PBXFileReference; fileEncoding = 4; lastKnownFileType = sourcecode.cpp.cpp; path = Tape_Alphabet.cpp; sourceTree = "<group>"; };
		59646F9517011D4C00572C65 /* Tape_Alphabet.h */ = {isa = PBXFileReference; fileEncoding = 4; lastKnownFileType = sourcecode.c.h; path = Tape_Alphabet.h; sourceTree = "<group>"; };
		59646F9A17011D9800572C65 /* Final_States.cpp */ = {isa = PBXFileReference; fileEncoding = 4; lastKnownFileType = sourcecode.cpp.cpp; lineEnding = 0; path = Final_States.cpp; sourceTree = "<group>"; xcLanguageSpecificationIdentifier = xcode.lang.cpp; };
		59646F9B17011D9800572C65 /* Final_States.h */ = {isa = PBXFileReference; fileEncoding = 4; lastKnownFileType = sourcecode.c.h; lineEnding = 0; path = Final_States.h; sourceTree = "<group>"; xcLanguageSpecificationIdentifier = xcode.lang.objcpp; };
		59E5346017152BCA00FEAA0E /* Direction.h */ = {isa = PBXFileReference; fileEncoding = 4; lastKnownFileType = sourcecode.c.h; lineEnding = 0; path = Direction.h; sourceTree = "<group>"; xcLanguageSpecificationIdentifier = xcode.lang.objcpp; };
		59E534641717A3C000FEAA0E /* Menu.cpp */ = {isa = PBXFileReference; fileEncoding = 4; lastKnownFileType = sourcecode.cpp.cpp; path = Menu.cpp; sourceTree = "<group>"; };
		59E534651717A3C100FEAA0E /* Menu.h */ = {isa = PBXFileReference; fileEncoding = 4; lastKnownFileType = sourcecode.c.h; path = Menu.h; sourceTree = "<group>"; };
/* End PBXFileReference section */

/* Begin PBXFrameworksBuildPhase section */
		59646F73170114B800572C65 /* Frameworks */ = {
			isa = PBXFrameworksBuildPhase;
			buildActionMask = 2147483647;
			files = (
			);
			runOnlyForDeploymentPostprocessing = 0;
		};
/* End PBXFrameworksBuildPhase section */

/* Begin PBXGroup section */
		59646F6D170114B800572C65 = {
			isa = PBXGroup;
			children = (
				59646F78170114B800572C65 /* tm */,
				59646F77170114B800572C65 /* Products */,
			);
			sourceTree = "<group>";
		};
		59646F77170114B800572C65 /* Products */ = {
			isa = PBXGroup;
			children = (
				59646F76170114B800572C65 /* tm */,
			);
			name = Products;
			sourceTree = "<group>";
		};
		59646F78170114B800572C65 /* tm */ = {
			isa = PBXGroup;
			children = (
				59E5346017152BCA00FEAA0E /* Direction.h */,
				59646F9A17011D9800572C65 /* Final_States.cpp */,
				59646F9B17011D9800572C65 /* Final_States.h */,
				59646F9117011CF700572C65 /* Input_Alphabet.cpp */,
				59646F9217011CF700572C65 /* Input_Alphabet.h */,
				59646F79170114B800572C65 /* main.cpp */,
				59E534641717A3C000FEAA0E /* Menu.cpp */,
				59E534651717A3C100FEAA0E /* Menu.h */,
				5942E5F4170A5C8300FFD39E /* States.cpp */,
				5942E5F5170A5C8300FFD39E /* States.h */,
				5942E5F2170A5B6A00FFD39E /* String_Pointer.h */,
				59646F8E17011CAF00572C65 /* Tape.cpp */,
				59646F8F17011CAF00572C65 /* Tape.h */,
				59646F9417011D4C00572C65 /* Tape_Alphabet.cpp */,
				59646F9517011D4C00572C65 /* Tape_Alphabet.h */,
				59646F7B170114B800572C65 /* tm.1 */,
				59646F85170115FE00572C65 /* Transition.cpp */,
				59646F86170115FE00572C65 /* Transition.h */,
				59646F821701150200572C65 /* Transition_Function.cpp */,
				59646F831701150200572C65 /* Transition_Function.h */,
				59646F8B17011B7A00572C65 /* Turing_Machine.cpp */,
				59646F8C17011B7A00572C65 /* Turing_Machine.h */,
				592AC386170FA1F200826A5C /* Uppercase.cpp */,
				592AC387170FA1F200826A5C /* Uppercase.h */,
			);
			path = tm;
			sourceTree = "<group>";
		};
/* End PBXGroup section */

/* Begin PBXNativeTarget section */
		59646F75170114B800572C65 /* tm */ = {
			isa = PBXNativeTarget;
			buildConfigurationList = 59646F7F170114B800572C65 /* Build configuration list for PBXNativeTarget "tm" */;
			buildPhases = (
				59646F72170114B800572C65 /* Sources */,
				59646F73170114B800572C65 /* Frameworks */,
				59646F74170114B800572C65 /* CopyFiles */,
			);
			buildRules = (
			);
			dependencies = (
			);
			name = tm;
			productName = tm;
			productReference = 59646F76170114B800572C65 /* tm */;
			productType = "com.apple.product-type.tool";
		};
/* End PBXNativeTarget section */

/* Begin PBXProject section */
		59646F6E170114B800572C65 /* Project object */ = {
			isa = PBXProject;
			attributes = {
				LastUpgradeCheck = 0460;
				ORGANIZATIONNAME = "Lansdon Page";
			};
			buildConfigurationList = 59646F71170114B800572C65 /* Build configuration list for PBXProject "tm" */;
			compatibilityVersion = "Xcode 3.2";
			developmentRegion = English;
			hasScannedForEncodings = 0;
			knownRegions = (
				en,
			);
			mainGroup = 59646F6D170114B800572C65;
			productRefGroup = 59646F77170114B800572C65 /* Products */;
			projectDirPath = "";
			projectRoot = "";
			targets = (
				59646F75170114B800572C65 /* tm */,
			);
		};
/* End PBXProject section */

/* Begin PBXSourcesBuildPhase section */
		59646F72170114B800572C65 /* Sources */ = {
			isa = PBXSourcesBuildPhase;
			buildActionMask = 2147483647;
			files = (
				59646F7A170114B800572C65 /* main.cpp in Sources */,
				59646F841701150200572C65 /* Transition_Function.cpp in Sources */,
				59646F87170115FE00572C65 /* Transition.cpp in Sources */,
				59646F8D17011B7A00572C65 /* Turing_Machine.cpp in Sources */,
				59646F9017011CAF00572C65 /* Tape.cpp in Sources */,
				59646F9317011CF700572C65 /* Input_Alphabet.cpp in Sources */,
				59646F9617011D4D00572C65 /* Tape_Alphabet.cpp in Sources */,
				59646F9C17011D9800572C65 /* Final_States.cpp in Sources */,
				5942E5F6170A5C8300FFD39E /* States.cpp in Sources */,
				592AC388170FA1F200826A5C /* Uppercase.cpp in Sources */,
				59E534661717A3C100FEAA0E /* Menu.cpp in Sources */,
			);
			runOnlyForDeploymentPostprocessing = 0;
		};
/* End PBXSourcesBuildPhase section */

/* Begin XCBuildConfiguration section */
		59646F7D170114B800572C65 /* Debug */ = {
			isa = XCBuildConfiguration;
			buildSettings = {
				ALWAYS_SEARCH_USER_PATHS = NO;
				ARCHS = "$(ARCHS_STANDARD_64_BIT)";
				CLANG_CXX_LANGUAGE_STANDARD = "gnu++0x";
				CLANG_CXX_LIBRARY = "libc++";
				CLANG_WARN_CONSTANT_CONVERSION = YES;
				CLANG_WARN_EMPTY_BODY = YES;
				CLANG_WARN_ENUM_CONVERSION = YES;
				CLANG_WARN_INT_CONVERSION = YES;
				CLANG_WARN__DUPLICATE_METHOD_MATCH = YES;
				COPY_PHASE_STRIP = NO;
				GCC_C_LANGUAGE_STANDARD = gnu99;
				GCC_DYNAMIC_NO_PIC = NO;
				GCC_ENABLE_OBJC_EXCEPTIONS = YES;
				GCC_OPTIMIZATION_LEVEL = 0;
				GCC_PREPROCESSOR_DEFINITIONS = (
					"DEBUG=1",
					"$(inherited)",
				);
				GCC_SYMBOLS_PRIVATE_EXTERN = NO;
				GCC_WARN_64_TO_32_BIT_CONVERSION = YES;
				GCC_WARN_ABOUT_RETURN_TYPE = YES;
				GCC_WARN_UNINITIALIZED_AUTOS = YES;
				GCC_WARN_UNUSED_VARIABLE = YES;
				MACOSX_DEPLOYMENT_TARGET = 10.8;
				ONLY_ACTIVE_ARCH = YES;
				SDKROOT = macosx;
			};
			name = Debug;
		};
		59646F7E170114B800572C65 /* Release */ = {
			isa = XCBuildConfiguration;
			buildSettings = {
				ALWAYS_SEARCH_USER_PATHS = NO;
				ARCHS = "$(ARCHS_STANDARD_64_BIT)";
				CLANG_CXX_LANGUAGE_STANDARD = "gnu++0x";
				CLANG_CXX_LIBRARY = "libc++";
				CLANG_WARN_CONSTANT_CONVERSION = YES;
				CLANG_WARN_EMPTY_BODY = YES;
				CLANG_WARN_ENUM_CONVERSION = YES;
				CLANG_WARN_INT_CONVERSION = YES;
				CLANG_WARN__DUPLICATE_METHOD_MATCH = YES;
				COPY_PHASE_STRIP = YES;
				DEBUG_INFORMATION_FORMAT = "dwarf-with-dsym";
				GCC_C_LANGUAGE_STANDARD = gnu99;
				GCC_ENABLE_OBJC_EXCEPTIONS = YES;
				GCC_WARN_64_TO_32_BIT_CONVERSION = YES;
				GCC_WARN_ABOUT_RETURN_TYPE = YES;
				GCC_WARN_UNINITIALIZED_AUTOS = YES;
				GCC_WARN_UNUSED_VARIABLE = YES;
				MACOSX_DEPLOYMENT_TARGET = 10.8;
				SDKROOT = macosx;
			};
			name = Release;
		};
		59646F80170114B800572C65 /* Debug */ = {
			isa = XCBuildConfiguration;
			buildSettings = {
				PRODUCT_NAME = "$(TARGET_NAME)";
			};
			name = Debug;
		};
		59646F81170114B800572C65 /* Release */ = {
			isa = XCBuildConfiguration;
			buildSettings = {
				PRODUCT_NAME = "$(TARGET_NAME)";
			};
			name = Release;
		};
/* End XCBuildConfiguration section */

/* Begin XCConfigurationList section */
		59646F71170114B800572C65 /* Build configuration list for PBXProject "tm" */ = {
			isa = XCConfigurationList;
			buildConfigurations = (
				59646F7D170114B800572C65 /* Debug */,
				59646F7E170114B800572C65 /* Release */,
			);
			defaultConfigurationIsVisible = 0;
			defaultConfigurationName = Release;
		};
		59646F7F170114B800572C65 /* Build configuration list for PBXNativeTarget "tm" */ = {
			isa = XCConfigurationList;
			buildConfigurations = (
				59646F80170114B800572C65 /* Debug */,
				59646F81170114B800572C65 /* Release */,
			);
			defaultConfigurationIsVisible = 0;
			defaultConfigurationName = Release;
		};
/* End XCConfigurationList section */
	};
	rootObject = 59646F6E170114B800572C65 /* Project object */;
}
